
Microsoft Visual Studio Solution File, Format Version 12.00
# Visual Studio Version 17
VisualStudioVersion = 17.10.34916.146
MinimumVisualStudioVersion = 10.0.40219.1
Project("{FAE04EC0-301F-11D3-BF4B-00C04F79EFBC}") = "AppPintureria", "AppPintureria\AppPintureria.csproj", "{CCA2EFB7-D9FC-4DF4-9F3D-10F22DC12757}"
EndProject
Project("{FAE04EC0-301F-11D3-BF4B-00C04F79EFBC}") = "Dominio", "Dominio\Dominio.csproj", "{67D3E12B-9A3A-45C5-A219-FBD9FA8DFD37}"
EndProject
Project("{FAE04EC0-301F-11D3-BF4B-00C04F79EFBC}") = "Negocio", "Negocio\Negocio.csproj", "{B7AE6A5F-CA2C-4CD5-BCBB-CF8D6942AF2E}"
EndProject
Project("{FAE04EC0-301F-11D3-BF4B-00C04F79EFBC}") = "AccesoADatos", "AccesoADatos\AccesoADatos.csproj", "{413A5D08-D05D-4044-80BA-16C8CE3E71CF}"
EndProject
Global
	GlobalSection(SolutionConfigurationPlatforms) = preSolution
		Debug|Any CPU = Debug|Any CPU
		Release|Any CPU = Release|Any CPU
	EndGlobalSection
	GlobalSection(ProjectConfigurationPlatforms) = postSolution
		{CCA2EFB7-D9FC-4DF4-9F3D-10F22DC12757}.Debug|Any CPU.ActiveCfg = Debug|Any CPU
		{CCA2EFB7-D9FC-4DF4-9F3D-10F22DC12757}.Debug|Any CPU.Build.0 = Debug|Any CPU
		{CCA2EFB7-D9FC-4DF4-9F3D-10F22DC12757}.Release|Any CPU.ActiveCfg = Release|Any CPU
		{CCA2EFB7-D9FC-4DF4-9F3D-10F22DC12757}.Release|Any CPU.Build.0 = Release|Any CPU
		{67D3E12B-9A3A-45C5-A219-FBD9FA8DFD37}.Debug|Any CPU.ActiveCfg = Debug|Any CPU
		{67D3E12B-9A3A-45C5-A219-FBD9FA8DFD37}.Debug|Any CPU.Build.0 = Debug|Any CPU
		{67D3E12B-9A3A-45C5-A219-FBD9FA8DFD37}.Release|Any CPU.ActiveCfg = Release|Any CPU
		{67D3E12B-9A3A-45C5-A219-FBD9FA8DFD37}.Release|Any CPU.Build.0 = Release|Any CPU
		{B7AE6A5F-CA2C-4CD5-BCBB-CF8D6942AF2E}.Debug|Any CPU.ActiveCfg = Debug|Any CPU
		{B7AE6A5F-CA2C-4CD5-BCBB-CF8D6942AF2E}.Debug|Any CPU.Build.0 = Debug|Any CPU
		{B7AE6A5F-CA2C-4CD5-BCBB-CF8D6942AF2E}.Release|Any CPU.ActiveCfg = Release|Any CPU
		{B7AE6A5F-CA2C-4CD5-BCBB-CF8D6942AF2E}.Release|Any CPU.Build.0 = Release|Any CPU
		{413A5D08-D05D-4044-80BA-16C8CE3E71CF}.Debug|Any CPU.ActiveCfg = Debug|Any CPU
		{413A5D08-D05D-4044-80BA-16C8CE3E71CF}.Debug|Any CPU.Build.0 = Debug|Any CPU
		{413A5D08-D05D-4044-80BA-16C8CE3E71CF}.Release|Any CPU.ActiveCfg = Release|Any CPU
		{413A5D08-D05D-4044-80BA-16C8CE3E71CF}.Release|Any CPU.Build.0 = Release|Any CPU
	EndGlobalSection
	GlobalSection(SolutionProperties) = preSolution
		HideSolutionNode = FALSE
	EndGlobalSection
	GlobalSection(ExtensibilityGlobals) = postSolution
		SolutionGuid = {6C894C9F-5881-4DE3-BF49-86399E3EF27A}
	EndGlobalSection
EndGlobal
